
Microsoft Visual Studio Solution File, Format Version 12.00
# Visual Studio Version 16
VisualStudioVersion = 16.0.31729.503
MinimumVisualStudioVersion = 10.0.40219.1
Project("{FAE04EC0-301F-11D3-BF4B-00C04F79EFBC}") = "ConsoleApp1", "ConsoleApp1\ConsoleApp1.csproj", "{AB459F0B-B61D-41B1-B77F-86A20F33C188}"
EndProject
Global
	GlobalSection(SolutionConfigurationPlatforms) = preSolution
		Debug|Any CPU = Debug|Any CPU
		Release|Any CPU = Release|Any CPU
	EndGlobalSection
	GlobalSection(ProjectConfigurationPlatforms) = postSolution
		{AB459F0B-B61D-41B1-B77F-86A20F33C188}.Debug|Any CPU.ActiveCfg = Debug|Any CPU
		{AB459F0B-B61D-41B1-B77F-86A20F33C188}.Debug|Any CPU.Build.0 = Debug|Any CPU
		{AB459F0B-B61D-41B1-B77F-86A20F33C188}.Release|Any CPU.ActiveCfg = Release|Any CPU
		{AB459F0B-B61D-41B1-B77F-86A20F33C188}.Release|Any CPU.Build.0 = Release|Any CPU
	EndGlobalSection
	GlobalSection(SolutionProperties) = preSolution
		HideSolutionNode = FALSE
	EndGlobalSection
	GlobalSection(ExtensibilityGlobals) = postSolution
		SolutionGuid = {15395665-0C5E-4CAF-9624-3EC43DA18232}
	EndGlobalSection
EndGlobal
